github.com/big-larry/suckhttp v0.0.0-20250813123807-92fba52c65cb h1:csfOkDeXiB15fsTlnvDhKqGR+Q1NqlkzomPb5Na6ayA=
github.com/big-larry/suckhttp v0.0.0-20250813123807-92fba52c65cb/go.mod h1:P7WnDlYvo6PNf4bARgHBSrPnN0lwramxaY2x6UZ0CGc=
github.com/big-larry/suckutils v0.0.0-20250812153223-6165c58dc43b h1:ZeFjm4kAYHYpCD9/2B8ls+Hu3YJQWxZ4F3rzW7W1/aA=
github.com/big-larry/suckutils v0.0.0-20250812153223-6165c58dc43b/go.mod h1:5fawDMczz2lczw98vd8pRkZcGsllJnpJJh9l+f9Ohd8=
github.com/cockroachdb/apd v1.1.0 h1:3LFP3629v+1aKXU5Q37mxmRxX/pIu1nijXydLShEq5I=
github.com/cockroachdb/apd v1.1.0/go.mod h1:8Sl8LxpKi29FqWXR16WEFZRNSz3SoPzUzeMeY4+DwBQ=
github.com/davecgh/go-spew v1.1.0/go.mod h1:J7Y8YcW2NihsgmVo/mv3lAwl/skON4iLHjSsI+c5H38=
github.com/davecgh/go-spew v1.1.1 h1:vj9j/u1bqnvCEfJOwUhtlOARqs3+rkHYY13jYWTU97c=
github.com/davecgh/go-spew v1.1.1/go.mod h1:J7Y8YcW2NihsgmVo/mv3lAwl/skON4iLHjSsI+c5H38=
github.com/gofrs/uuid v4.4.0+incompatible h1:3qXRTX8/NbyulANqlc0lchS1gqAVxRgsuW1YrTJupqA=
github.com/gofrs/uuid v4.4.0+incompatible/go.mod h1:b2aQJv3Z4Fp6yNu3cdSllBxTCLRxnplIgP/c0N/04lM=
github.com/golang-jwt/jwt v3.2.2+incompatible h1:IfV12K8xAKAnZqdXVzCZ+TOjboZ2keLg81eXfW3O+oY=
github.com/golang-jwt/jwt v3.2.2+incompatible/go.mod h1:8pz2t5EyA70fFQQSrl6XZXzqecmYZeUEB8OUGHkxJ+I=
github.com/google/uuid v1.6.0 h1:NIvaJDMOsjHA8n1jAhLSgzrAzy1Hgr+hNrb57e+94F0=
github.com/google/uuid v1.6.0/go.mod h1:TIyPZe4MgqvfeYDBFedMoGGpEw/LqOeaOT+nhxU+yHo=
github.com/jackc/fake v0.0.0-20150926172116-812a484cc733 h1:vr3AYkKovP8uR8AvSGGUK1IDqRa5lAAvEkZG1LKaCRc=
github.com/jackc/fake v0.0.0-20150926172116-812a484cc733/go.mod h1:WrMFNQdiFJ80sQsxDoMokWK1W5TQtxBFNpzWTD84ibQ=
github.com/jackc/pgpassfile v1.0.0 h1:/6Hmqy13Ss2zCq62VdNG8tM1wchn8zjSGOBJ6icpsIM=
github.com/jackc/pgpassfile v1.0.0/go.mod h1:CEx0iS5ambNFdcRtxPj5JhEz+xB6uRky5eyVu/W2HEg=
github.com/jackc/pgservicefile v0.0.0-20240606120523-5a60cdf6a761 h1:iCEnooe7UlwOQYpKFhBabPMi4aNAfoODPEFNiAnClxo=
github.com/jackc/pgservicefile v0.0.0-20240606120523-5a60cdf6a761/go.mod h1:5TJZWKEWniPve33vlWYSoGYefn3gLQRzjfDlhSJ9ZKM=
github.com/jackc/pgx v3.6.2+incompatible h1:2zP5OD7kiyR3xzRYMhOcXVvkDZsImVXfj+yIyTQf3/o=
github.com/jackc/pgx v3.6.2+incompatible/go.mod h1:0ZGrqGqkRlliWnWB4zKnWtjbSWbGkVEFm4TeybAXq+I=
github.com/jackc/pgx/v5 v5.7.5 h1:JHGfMnQY+IEtGM63d+NGMjoRpysB2JBwDr5fsngwmJs=
github.com/jackc/pgx/v5 v5.7.5/go.mod h1:aruU7o91Tc2q2cFp5h4uP3f6ztExVpyVv88Xl/8Vl8M=
github.com/jackc/puddle/v2 v2.2.2 h1:PR8nw+E/1w0GLuRFSmiioY6UooMp6KJv0/61nB7icHo=
github.com/jackc/puddle/v2 v2.2.2/go.mod h1:vriiEXHvEE654aYKXXjOvZM39qJ0q+azkZFrfEOc3H4=
github.com/lib/pq v1.10.9 h1:YXG7RB+JIjhP29X+OtkiDnYaXQwpS4JEWq7dtCCRUEw=
github.com/lib/pq v1.10.9/go.mod h1:AlVN5x4E4T544tWzH6hKfbfQvm3HdbOxrmggDNAPY9o=
github.com/okonma-violet/confdecoder v0.0.0-20230926094403-7e3eab7eff29 h1:B4tx67hvbtrTyYpbbR9lsuA5ZJutftoL/1IezRXldJo=
github.com/okonma-violet/confdecoder v0.0.0-20230926094403-7e3eab7eff29/go.mod h1:ww/+SFov4W8uAfhPC5Rm37HKLQCROEaYi95Ikfh/Tkg=
github.com/okonma-violet/dynamicworkerspool v0.0.0-20240317115954-810a6361f715 h1:vxsat2Y8CWtsaDF4D43qJp9K2K/8bPTDfWpIT09/sWc=
github.com/okonma-violet/dynamicworkerspool v0.0.0-20240317115954-810a6361f715/go.mod h1:H6sSJItqki5t+8hoCdZepIW4jLEnPCSN6rY/U85Zay4=
github.com/okonma-violet/services/basicmessage v0.0.0-20250813141351-a2866ef3e748 h1:jdQ3RymCRClSHsrxqeCyO4RFQ5MaM86TJB66742Cy9k=
github.com/okonma-violet/services/basicmessage v0.0.0-20250813141351-a2866ef3e748/go.mod h1:ltWN2sK3Le5xwaFZabbY4mrJuHxI2L9/ELoylZ1qG3Y=
github.com/okonma-violet/services/basicmessage/basicmessagetypes v0.0.0-20250813141351-a2866ef3e748 h1:vEDMxFs9wljlRIsJClkcIQAOo/VUZWsDx5YekJSgnKk=
github.com/okonma-violet/services/basicmessage/basicmessagetypes v0.0.0-20250813141351-a2866ef3e748/go.mod h1:OlT1oztb/6LUsvxw9llGWgODmLw63zcf16NSXG4Idgg=
github.com/okonma-violet/services/connector_nonepoll v0.0.0-20250813141351-a2866ef3e748 h1:+DoRD6pRiUthmqwWmUf2Lm+j1KJnlsAdr1LHoYHM56w=
github.com/okonma-violet/services/connector_nonepoll v0.0.0-20250813141351-a2866ef3e748/go.mod h1:rrjOSD88aZYu9QYmNbEFlQEnvrNYOGMiHseMaKyXic0=
github.com/okonma-violet/services/logs/encode v0.0.0-20250813191921-b2f7a4bb2ca5 h1:IyIwV57tliLCcKxRhiNrIvlyFc42eQlbFJ9yUelVWk4=
github.com/okonma-violet/services/logs/encode v0.0.0-20250813191921-b2f7a4bb2ca5/go.mod h1:6PH898+Avo/v3wNNEKOFwxiqnO1I0DhISR4J/qqT3Q8=
github.com/okonma-violet/services/logs/logger v0.0.0-20250813191921-b2f7a4bb2ca5 h1:13wZJVf2bK0xgiJUqALklcbKHot9ggrWpXuHYOSSGD0=
github.com/okonma-violet/services/logs/logger v0.0.0-20250813191921-b2f7a4bb2ca5/go.mod h1:OEn/LdFI+6M9l8llmMmlbH6hlKEBmQ+5mfUZYoyXfBE=
github.com/okonma-violet/services/types/configuratortypes v0.0.0-20250813191921-b2f7a4bb2ca5 h1:jkkpuD1TeqrF3F+rcIXMtZQs0o+CITwMjonWxg/Vdz4=
github.com/okonma-violet/services/types/configuratortypes v0.0.0-20250813191921-b2f7a4bb2ca5/go.mod h1:FTkUuuwHTlr1LocpBwicbtvqJ+0nTPSpK9Uret42J/U=
github.com/okonma-violet/services/types/netprotocol v0.0.0-20250813191921-b2f7a4bb2ca5 h1:XiFf7Nl+VOoKhdgQrqOPzQNMD6i/bQXwO+UbWUTYqh0=
github.com/okonma-violet/services/types/netprotocol v0.0.0-20250813191921-b2f7a4bb2ca5/go.mod h1:ZX9urOHLtvE7SoSbanQwtpn2Z3kXnxPLDOorQk01Z2k=
github.com/okonma-violet/services/universalservice_nonepoll v0.0.0-20250813141351-a2866ef3e748 h1:eCFkX/GcuOSnrab90LzXZApIpEO9KWbWAflmGprYwcs=
github.com/okonma-violet/services/universalservice_nonepoll v0.0.0-20250813141351-a2866ef3e748/go.mod h1:ZDuz3AMY/7tGf8WdhNkM0QdRH8FXAktahh84ZWxibwg=
github.com/pkg/errors v0.9.1 h1:FEBLx1zS214owpjy7qsBeixbURkuhQAwrK5UwLGTwt4=
github.com/pkg/errors v0.9.1/go.mod h1:bwawxfHBFNV+L2hUp1rHADufV3IMtnDRdf1r5NINEl0=
github.com/pmezard/go-difflib v1.0.0 h1:4DBwDE0NGyQoBHbLQYPwSUPoCMWR5BEzIk/f1lZbAQM=
github.com/pmezard/go-difflib v1.0.0/go.mod h1:iKH77koFhYxTK1pcRnkKkqfTogsbg7gZNVY4sRDYZ/4=
github.com/shopspring/decimal v1.4.0 h1:bxl37RwXBklmTi0C79JfXCEBD1cqqHt0bbgBAGFp81k=
github.com/shopspring/decimal v1.4.0/go.mod h1:gawqmDU56v4yIKSwfBSFip1HdCCXN8/+DMd9qYNcwME=
github.com/stretchr/objx v0.1.0/go.mod h1:HFkY916IF+rwdDfMAkV7OtwuqBVzrE8GR6GFx+wExME=
github.com/stretchr/testify v1.3.0/go.mod h1:M5WIy9Dh21IEIfnGCwXGc5bZfKNJtfHm1UVUgZn+9EI=
github.com/stretchr/testify v1.7.0/go.mod h1:6Fq8oRcR53rry900zMqJjRRixrwX3KX962/h/Wwjteg=
github.com/stretchr/testify v1.8.1 h1:w7B6lhMri9wdJUVmEZPGGhZzrYTPvgJArz7wNPgYKsk=
github.com/stretchr/testify v1.8.1/go.mod h1:w2LPCIKwWwSfY2zedu0+kehJoqGctiVI29o6fzry7u4=
golang.org/x/crypto v0.41.0 h1:WKYxWedPGCTVVl5+WHSSrOBT0O8lx32+zxmHxijgXp4=
golang.org/x/crypto v0.41.0/go.mod h1:pO5AFd7FA68rFak7rOAGVuygIISepHftHnr8dr6+sUc=
golang.org/x/sync v0.16.0 h1:ycBJEhp9p4vXvUZNszeOq0kGTPghopOL8q0fq3vstxw=
golang.org/x/sync v0.16.0/go.mod h1:1dzgHSNfp02xaA81J2MS99Qcpr2w7fw1gpm99rleRqA=
golang.org/x/text v0.28.0 h1:rhazDwis8INMIwQ4tpjLDzUhx6RlXqZNPEM0huQojng=
golang.org/x/text v0.28.0/go.mod h1:U8nCwOR8jO/marOQ0QbDiOngZVEBB7MAiitBuMjXiNU=
gopkg.in/check.v1 v0.0.0-20161208181325-20d25e280405/go.mod h1:Co6ibVJAznAaIkqp8huTwlJQCZ016jof/cbN4VW5Yz0=
gopkg.in/yaml.v3 v3.0.0-20200313102051-9f266ea9e77c/go.mod h1:K4uyk7z7BCEPqu6E+C64Yfv1cQ7kz7rIZviUmN+EgEM=
gopkg.in/yaml.v3 v3.0.1 h1:fxVm/GzAzEWqLHuvctI91KS9hhNmmWOoWu0XTYJS7CA=
gopkg.in/yaml.v3 v3.0.1/go.mod h1:K4uyk7z7BCEPqu6E+C64Yfv1cQ7kz7rIZviUmN+EgEM=
