github.com/big-larry/suckhttp v0.0.0-20250813123807-92fba52c65cb h1:csfOkDeXiB15fsTlnvDhKqGR+Q1NqlkzomPb5Na6ayA=
github.com/big-larry/suckhttp v0.0.0-20250813123807-92fba52c65cb/go.mod h1:P7WnDlYvo6PNf4bARgHBSrPnN0lwramxaY2x6UZ0CGc=
github.com/big-larry/suckutils v0.0.0-20250812153223-6165c58dc43b h1:ZeFjm4kAYHYpCD9/2B8ls+Hu3YJQWxZ4F3rzW7W1/aA=
github.com/big-larry/suckutils v0.0.0-20250812153223-6165c58dc43b/go.mod h1:5fawDMczz2lczw98vd8pRkZcGsllJnpJJh9l+f9Ohd8=
github.com/kr/pretty v0.2.1 h1:Fmg33tUaq4/8ym9TJN1x7sLJnHVwhP33CNkpYV/7rwI=
github.com/kr/pretty v0.2.1/go.mod h1:ipq/a2n7PKx3OHsz4KJII5eveXtPO4qwEXGdVfWzfnI=
github.com/kr/pty v1.1.1/go.mod h1:pFQYn66WHrOpPYNljwOMqo10TkYh1fy3cYio2l3bCsQ=
github.com/kr/text v0.1.0 h1:45sCR5RtlFHMR4UwH9sdQ5TC8v0qDQCHnXt+kaKSTVE=
github.com/kr/text v0.1.0/go.mod h1:4Jbv+DJW3UT/LiOwJeYQe1efqtUx/iVham/4vfdArNI=
github.com/okonma-violet/confdecoder v0.0.0-20230926094403-7e3eab7eff29 h1:B4tx67hvbtrTyYpbbR9lsuA5ZJutftoL/1IezRXldJo=
github.com/okonma-violet/confdecoder v0.0.0-20230926094403-7e3eab7eff29/go.mod h1:ww/+SFov4W8uAfhPC5Rm37HKLQCROEaYi95Ikfh/Tkg=
github.com/okonma-violet/dynamicworkerspool v0.0.0-20240317115954-810a6361f715 h1:vxsat2Y8CWtsaDF4D43qJp9K2K/8bPTDfWpIT09/sWc=
github.com/okonma-violet/dynamicworkerspool v0.0.0-20240317115954-810a6361f715/go.mod h1:H6sSJItqki5t+8hoCdZepIW4jLEnPCSN6rY/U85Zay4=
github.com/okonma-violet/services/basicmessage v0.0.0-20250813141351-a2866ef3e748 h1:jdQ3RymCRClSHsrxqeCyO4RFQ5MaM86TJB66742Cy9k=
github.com/okonma-violet/services/basicmessage v0.0.0-20250813141351-a2866ef3e748/go.mod h1:ltWN2sK3Le5xwaFZabbY4mrJuHxI2L9/ELoylZ1qG3Y=
github.com/okonma-violet/services/basicmessage/basicmessagetypes v0.0.0-20250813141351-a2866ef3e748 h1:vEDMxFs9wljlRIsJClkcIQAOo/VUZWsDx5YekJSgnKk=
github.com/okonma-violet/services/basicmessage/basicmessagetypes v0.0.0-20250813141351-a2866ef3e748/go.mod h1:OlT1oztb/6LUsvxw9llGWgODmLw63zcf16NSXG4Idgg=
github.com/okonma-violet/services/connector_nonepoll v0.0.0-20250813141351-a2866ef3e748 h1:+DoRD6pRiUthmqwWmUf2Lm+j1KJnlsAdr1LHoYHM56w=
github.com/okonma-violet/services/connector_nonepoll v0.0.0-20250813141351-a2866ef3e748/go.mod h1:rrjOSD88aZYu9QYmNbEFlQEnvrNYOGMiHseMaKyXic0=
github.com/okonma-violet/services/logs/encode v0.0.0-20250813191921-b2f7a4bb2ca5 h1:IyIwV57tliLCcKxRhiNrIvlyFc42eQlbFJ9yUelVWk4=
github.com/okonma-violet/services/logs/encode v0.0.0-20250813191921-b2f7a4bb2ca5/go.mod h1:6PH898+Avo/v3wNNEKOFwxiqnO1I0DhISR4J/qqT3Q8=
github.com/okonma-violet/services/logs/logger v0.0.0-20250813191921-b2f7a4bb2ca5 h1:13wZJVf2bK0xgiJUqALklcbKHot9ggrWpXuHYOSSGD0=
github.com/okonma-violet/services/logs/logger v0.0.0-20250813191921-b2f7a4bb2ca5/go.mod h1:OEn/LdFI+6M9l8llmMmlbH6hlKEBmQ+5mfUZYoyXfBE=
github.com/okonma-violet/services/types/configuratortypes v0.0.0-20250813191921-b2f7a4bb2ca5 h1:jkkpuD1TeqrF3F+rcIXMtZQs0o+CITwMjonWxg/Vdz4=
github.com/okonma-violet/services/types/configuratortypes v0.0.0-20250813191921-b2f7a4bb2ca5/go.mod h1:FTkUuuwHTlr1LocpBwicbtvqJ+0nTPSpK9Uret42J/U=
github.com/okonma-violet/services/types/netprotocol v0.0.0-20250813191921-b2f7a4bb2ca5 h1:XiFf7Nl+VOoKhdgQrqOPzQNMD6i/bQXwO+UbWUTYqh0=
github.com/okonma-violet/services/types/netprotocol v0.0.0-20250813191921-b2f7a4bb2ca5/go.mod h1:ZX9urOHLtvE7SoSbanQwtpn2Z3kXnxPLDOorQk01Z2k=
github.com/okonma-violet/services/universalservice_nonepoll v0.0.0-20250813141351-a2866ef3e748 h1:eCFkX/GcuOSnrab90LzXZApIpEO9KWbWAflmGprYwcs=
github.com/okonma-violet/services/universalservice_nonepoll v0.0.0-20250813141351-a2866ef3e748/go.mod h1:ZDuz3AMY/7tGf8WdhNkM0QdRH8FXAktahh84ZWxibwg=
golang.org/x/net v0.0.0-20210226172049-e18ecbb05110/go.mod h1:m0MpNAwzfU5UDzcl9v0D8zg8gWTRqZa9RBIspLL5mdg=
golang.org/x/sys v0.0.0-20201119102817-f84b799fce68/go.mod h1:h1NjWce9XRLGQEsW7wpKNCjG9DtNlClVuFLEZdDNbEs=
golang.org/x/term v0.0.0-20201126162022-7de9c90e9dd1/go.mod h1:bj7SfCRtBDWHUb9snDiAeCFNEtKQo2Wmx5Cou7ajbmo=
golang.org/x/text v0.3.3/go.mod h1:5Zoc/QRtKVWzQhOtBMvqHzDpF6irO9z98xDceosuGiQ=
golang.org/x/tools v0.0.0-20180917221912-90fa682c2a6e/go.mod h1:n7NCudcB/nEzxVGmLbDWY5pfWTLqBcC2KZ6jyYvM4mQ=
gopkg.in/check.v1 v1.0.0-20201130134442-10cb98267c6c h1:Hei/4ADfdWqJk1ZMxUNpqntNwaWcugrBjAiHlqqRiVk=
gopkg.in/check.v1 v1.0.0-20201130134442-10cb98267c6c/go.mod h1:JHkPIbrfpd72SG/EVd6muEfDQjcINNoR0C8j2r3qZ4Q=
gopkg.in/tomb.v2 v2.0.0-20161208151619-d5d1b5820637/go.mod h1:BHsqpu/nsuzkT5BpiH1EMZPLyqSMM8JbIavyFACoFNk=
